// !$*UTF8*$!
{
	archiveVersion = 1;
	classes = {
	};
	objectVersion = 56;
	objects = {

/* Begin PBXBuildFile section */
		2EB1518229AAC12E00C0AF50 /* AppDelegate.swift in Sources */ = {isa = PBXBuildFile; fileRef = 2EB1518129AAC12E00C0AF50 /* AppDelegate.swift */; };
		2EB1518429AAC12E00C0AF50 /* SceneDelegate.swift in Sources */ = {isa = PBXBuildFile; fileRef = 2EB1518329AAC12E00C0AF50 /* SceneDelegate.swift */; };
		2EB1518629AAC12E00C0AF50 /* MainViewController.swift in Sources */ = {isa = PBXBuildFile; fileRef = 2EB1518529AAC12E00C0AF50 /* MainViewController.swift */; };
		2EB1518929AAC12E00C0AF50 /* Main.storyboard in Resources */ = {isa = PBXBuildFile; fileRef = 2EB1518729AAC12E00C0AF50 /* Main.storyboard */; };
		2EB1518B29AAC12F00C0AF50 /* Assets.xcassets in Resources */ = {isa = PBXBuildFile; fileRef = 2EB1518A29AAC12F00C0AF50 /* Assets.xcassets */; };
		2EB1518E29AAC12F00C0AF50 /* LaunchScreen.storyboard in Resources */ = {isa = PBXBuildFile; fileRef = 2EB1518C29AAC12F00C0AF50 /* LaunchScreen.storyboard */; };
		2EF4498529AC0ECB00C52725 /* ConstructAuthilloLoginUrl.swift in Sources */ = {isa = PBXBuildFile; fileRef = 2EF4498429AC0ECB00C52725 /* ConstructAuthilloLoginUrl.swift */; };
		6051DC9729AF13610033660F /* TogglersViewController.swift in Sources */ = {isa = PBXBuildFile; fileRef = 6051DC9629AF13610033660F /* TogglersViewController.swift */; };
		6051DC9B29AF2CF00033660F /* ScopesManager.swift in Sources */ = {isa = PBXBuildFile; fileRef = 6051DC9A29AF2CF00033660F /* ScopesManager.swift */; };
/* End PBXBuildFile section */

/* Begin PBXFileReference section */
		2EB1517E29AAC12E00C0AF50 /* ios-integration-demo.app */ = {isa = PBXFileReference; explicitFileType = wrapper.application; includeInIndex = 0; path = "ios-integration-demo.app"; sourceTree = BUILT_PRODUCTS_DIR; };
		2EB1518129AAC12E00C0AF50 /* AppDelegate.swift */ = {isa = PBXFileReference; lastKnownFileType = sourcecode.swift; path = AppDelegate.swift; sourceTree = "<group>"; };
		2EB1518329AAC12E00C0AF50 /* SceneDelegate.swift */ = {isa = PBXFileReference; lastKnownFileType = sourcecode.swift; path = SceneDelegate.swift; sourceTree = "<group>"; };
		2EB1518529AAC12E00C0AF50 /* MainViewController.swift */ = {isa = PBXFileReference; lastKnownFileType = sourcecode.swift; path = MainViewController.swift; sourceTree = "<group>"; };
		2EB1518829AAC12E00C0AF50 /* Base */ = {isa = PBXFileReference; lastKnownFileType = file.storyboard; name = Base; path = Base.lproj/Main.storyboard; sourceTree = "<group>"; };
		2EB1518A29AAC12F00C0AF50 /* Assets.xcassets */ = {isa = PBXFileReference; lastKnownFileType = folder.assetcatalog; path = Assets.xcassets; sourceTree = "<group>"; };
		2EB1518D29AAC12F00C0AF50 /* Base */ = {isa = PBXFileReference; lastKnownFileType = file.storyboard; name = Base; path = Base.lproj/LaunchScreen.storyboard; sourceTree = "<group>"; };
		2EB1518F29AAC12F00C0AF50 /* Info.plist */ = {isa = PBXFileReference; lastKnownFileType = text.plist.xml; path = Info.plist; sourceTree = "<group>"; };
		2EF4498429AC0ECB00C52725 /* ConstructAuthilloLoginUrl.swift */ = {isa = PBXFileReference; lastKnownFileType = sourcecode.swift; path = ConstructAuthilloLoginUrl.swift; sourceTree = "<group>"; };
		6051DC9629AF13610033660F /* TogglersViewController.swift */ = {isa = PBXFileReference; lastKnownFileType = sourcecode.swift; path = TogglersViewController.swift; sourceTree = "<group>"; };
		6051DC9A29AF2CF00033660F /* ScopesManager.swift */ = {isa = PBXFileReference; lastKnownFileType = sourcecode.swift; path = ScopesManager.swift; sourceTree = "<group>"; };
/* End PBXFileReference section */

/* Begin PBXFrameworksBuildPhase section */
		2EB1517B29AAC12E00C0AF50 /* Frameworks */ = {
			isa = PBXFrameworksBuildPhase;
			buildActionMask = 2147483647;
			files = (
			);
			runOnlyForDeploymentPostprocessing = 0;
		};
/* End PBXFrameworksBuildPhase section */

/* Begin PBXGroup section */
		2EB1517529AAC12E00C0AF50 = {
			isa = PBXGroup;
			children = (
				2EB1518029AAC12E00C0AF50 /* ios-integration-demo */,
				2EB1517F29AAC12E00C0AF50 /* Products */,
			);
			sourceTree = "<group>";
		};
		2EB1517F29AAC12E00C0AF50 /* Products */ = {
			isa = PBXGroup;
			children = (
				2EB1517E29AAC12E00C0AF50 /* ios-integration-demo.app */,
			);
			name = Products;
			sourceTree = "<group>";
		};
		2EB1518029AAC12E00C0AF50 /* ios-integration-demo */ = {
			isa = PBXGroup;
			children = (
				2EB1518129AAC12E00C0AF50 /* AppDelegate.swift */,
				2EB1518329AAC12E00C0AF50 /* SceneDelegate.swift */,
				2EB1518529AAC12E00C0AF50 /* MainViewController.swift */,
				6051DC9629AF13610033660F /* TogglersViewController.swift */,
				2EF4498429AC0ECB00C52725 /* ConstructAuthilloLoginUrl.swift */,
				2EB1518729AAC12E00C0AF50 /* Main.storyboard */,
				2EB1518A29AAC12F00C0AF50 /* Assets.xcassets */,
				2EB1518C29AAC12F00C0AF50 /* LaunchScreen.storyboard */,
				2EB1518F29AAC12F00C0AF50 /* Info.plist */,
				6051DC9A29AF2CF00033660F /* ScopesManager.swift */,
			);
			path = "ios-integration-demo";
			sourceTree = "<group>";
		};
/* End PBXGroup section */

/* Begin PBXNativeTarget section */
		2EB1517D29AAC12E00C0AF50 /* ios-integration-demo */ = {
			isa = PBXNativeTarget;
			buildConfigurationList = 2EB1519229AAC12F00C0AF50 /* Build configuration list for PBXNativeTarget "ios-integration-demo" */;
			buildPhases = (
				2EB1517A29AAC12E00C0AF50 /* Sources */,
				2EB1517B29AAC12E00C0AF50 /* Frameworks */,
				2EB1517C29AAC12E00C0AF50 /* Resources */,
			);
			buildRules = (
			);
			dependencies = (
			);
			name = "ios-integration-demo";
			productName = "ios-integration-demo";
			productReference = 2EB1517E29AAC12E00C0AF50 /* ios-integration-demo.app */;
			productType = "com.apple.product-type.application";
		};
/* End PBXNativeTarget section */

/* Begin PBXProject section */
		2EB1517629AAC12E00C0AF50 /* Project object */ = {
			isa = PBXProject;
			attributes = {
				BuildIndependentTargetsInParallel = 1;
				LastSwiftUpdateCheck = 1420;
				LastUpgradeCheck = 1420;
				TargetAttributes = {
					2EB1517D29AAC12E00C0AF50 = {
						CreatedOnToolsVersion = 14.2;
					};
				};
			};
			buildConfigurationList = 2EB1517929AAC12E00C0AF50 /* Build configuration list for PBXProject "ios-integration-demo" */;
			compatibilityVersion = "Xcode 14.0";
			developmentRegion = en;
			hasScannedForEncodings = 0;
			knownRegions = (
				en,
				Base,
			);
			mainGroup = 2EB1517529AAC12E00C0AF50;
			productRefGroup = 2EB1517F29AAC12E00C0AF50 /* Products */;
			projectDirPath = "";
			projectRoot = "";
			targets = (
				2EB1517D29AAC12E00C0AF50 /* ios-integration-demo */,
			);
		};
/* End PBXProject section */

/* Begin PBXResourcesBuildPhase section */
		2EB1517C29AAC12E00C0AF50 /* Resources */ = {
			isa = PBXResourcesBuildPhase;
			buildActionMask = 2147483647;
			files = (
				2EB1518E29AAC12F00C0AF50 /* LaunchScreen.storyboard in Resources */,
				2EB1518B29AAC12F00C0AF50 /* Assets.xcassets in Resources */,
				2EB1518929AAC12E00C0AF50 /* Main.storyboard in Resources */,
			);
			runOnlyForDeploymentPostprocessing = 0;
		};
/* End PBXResourcesBuildPhase section */

/* Begin PBXSourcesBuildPhase section */
		2EB1517A29AAC12E00C0AF50 /* Sources */ = {
			isa = PBXSourcesBuildPhase;
			buildActionMask = 2147483647;
			files = (
				6051DC9B29AF2CF00033660F /* ScopesManager.swift in Sources */,
				2EB1518629AAC12E00C0AF50 /* MainViewController.swift in Sources */,
				2EF4498529AC0ECB00C52725 /* ConstructAuthilloLoginUrl.swift in Sources */,
				2EB1518229AAC12E00C0AF50 /* AppDelegate.swift in Sources */,
				2EB1518429AAC12E00C0AF50 /* SceneDelegate.swift in Sources */,
				6051DC9729AF13610033660F /* TogglersViewController.swift in Sources */,
			);
			runOnlyForDeploymentPostprocessing = 0;
		};
/* End PBXSourcesBuildPhase section */

/* Begin PBXVariantGroup section */
		2EB1518729AAC12E00C0AF50 /* Main.storyboard */ = {
			isa = PBXVariantGroup;
			children = (
				2EB1518829AAC12E00C0AF50 /* Base */,
			);
			name = Main.storyboard;
			sourceTree = "<group>";
		};
		2EB1518C29AAC12F00C0AF50 /* LaunchScreen.storyboard */ = {
			isa = PBXVariantGroup;
			children = (
				2EB1518D29AAC12F00C0AF50 /* Base */,
			);
			name = LaunchScreen.storyboard;
			sourceTree = "<group>";
		};
/* End PBXVariantGroup section */

/* Begin XCBuildConfiguration section */
		2EB1519029AAC12F00C0AF50 /* Debug */ = {
			isa = XCBuildConfiguration;
			buildSettings = {
				ALWAYS_SEARCH_USER_PATHS = NO;
				CLANG_ANALYZER_NONNULL = YES;
				CLANG_ANALYZER_NUMBER_OBJECT_CONVERSION = YES_AGGRESSIVE;
				CLANG_CXX_LANGUAGE_STANDARD = "gnu++20";
				CLANG_ENABLE_MODULES = YES;
				CLANG_ENABLE_OBJC_ARC = YES;
				CLANG_ENABLE_OBJC_WEAK = YES;
				CLANG_WARN_BLOCK_CAPTURE_AUTORELEASING = YES;
				CLANG_WARN_BOOL_CONVERSION = YES;
				CLANG_WARN_COMMA = YES;
				CLANG_WARN_CONSTANT_CONVERSION = YES;
				CLANG_WARN_DEPRECATED_OBJC_IMPLEMENTATIONS = YES;
				CLANG_WARN_DIRECT_OBJC_ISA_USAGE = YES_ERROR;
				CLANG_WARN_DOCUMENTATION_COMMENTS = YES;
				CLANG_WARN_EMPTY_BODY = YES;
				CLANG_WARN_ENUM_CONVERSION = YES;
				CLANG_WARN_INFINITE_RECURSION = YES;
				CLANG_WARN_INT_CONVERSION = YES;
				CLANG_WARN_NON_LITERAL_NULL_CONVERSION = YES;
				CLANG_WARN_OBJC_IMPLICIT_RETAIN_SELF = YES;
				CLANG_WARN_OBJC_LITERAL_CONVERSION = YES;
				CLANG_WARN_OBJC_ROOT_CLASS = YES_ERROR;
				CLANG_WARN_QUOTED_INCLUDE_IN_FRAMEWORK_HEADER = YES;
				CLANG_WARN_RANGE_LOOP_ANALYSIS = YES;
				CLANG_WARN_STRICT_PROTOTYPES = YES;
				CLANG_WARN_SUSPICIOUS_MOVE = YES;
				CLANG_WARN_UNGUARDED_AVAILABILITY = YES_AGGRESSIVE;
				CLANG_WARN_UNREACHABLE_CODE = YES;
				CLANG_WARN__DUPLICATE_METHOD_MATCH = YES;
				COPY_PHASE_STRIP = NO;
				DEBUG_INFORMATION_FORMAT = dwarf;
				ENABLE_STRICT_OBJC_MSGSEND = YES;
				ENABLE_TESTABILITY = YES;
				GCC_C_LANGUAGE_STANDARD = gnu11;
				GCC_DYNAMIC_NO_PIC = NO;
				GCC_NO_COMMON_BLOCKS = YES;
				GCC_OPTIMIZATION_LEVEL = 0;
				GCC_PREPROCESSOR_DEFINITIONS = (
					"DEBUG=1",
					"$(inherited)",
				);
				GCC_WARN_64_TO_32_BIT_CONVERSION = YES;
				GCC_WARN_ABOUT_RETURN_TYPE = YES_ERROR;
				GCC_WARN_UNDECLARED_SELECTOR = YES;
				GCC_WARN_UNINITIALIZED_AUTOS = YES_AGGRESSIVE;
				GCC_WARN_UNUSED_FUNCTION = YES;
				GCC_WARN_UNUSED_VARIABLE = YES;
				IPHONEOS_DEPLOYMENT_TARGET = 16.2;
				MTL_ENABLE_DEBUG_INFO = INCLUDE_SOURCE;
				MTL_FAST_MATH = YES;
				ONLY_ACTIVE_ARCH = YES;
				SDKROOT = iphoneos;
				SWIFT_ACTIVE_COMPILATION_CONDITIONS = DEBUG;
				SWIFT_OPTIMIZATION_LEVEL = "-Onone";
			};
			name = Debug;
		};
		2EB1519129AAC12F00C0AF50 /* Release */ = {
			isa = XCBuildConfiguration;
			buildSettings = {
				ALWAYS_SEARCH_USER_PATHS = NO;
				CLANG_ANALYZER_NONNULL = YES;
				CLANG_ANALYZER_NUMBER_OBJECT_CONVERSION = YES_AGGRESSIVE;
				CLANG_CXX_LANGUAGE_STANDARD = "gnu++20";
				CLANG_ENABLE_MODULES = YES;
				CLANG_ENABLE_OBJC_ARC = YES;
				CLANG_ENABLE_OBJC_WEAK = YES;
				CLANG_WARN_BLOCK_CAPTURE_AUTORELEASING = YES;
				CLANG_WARN_BOOL_CONVERSION = YES;
				CLANG_WARN_COMMA = YES;
				CLANG_WARN_CONSTANT_CONVERSION = YES;
				CLANG_WARN_DEPRECATED_OBJC_IMPLEMENTATIONS = YES;
				CLANG_WARN_DIRECT_OBJC_ISA_USAGE = YES_ERROR;
				CLANG_WARN_DOCUMENTATION_COMMENTS = YES;
				CLANG_WARN_EMPTY_BODY = YES;
				CLANG_WARN_ENUM_CONVERSION = YES;
				CLANG_WARN_INFINITE_RECURSION = YES;
				CLANG_WARN_INT_CONVERSION = YES;
				CLANG_WARN_NON_LITERAL_NULL_CONVERSION = YES;
				CLANG_WARN_OBJC_IMPLICIT_RETAIN_SELF = YES;
				CLANG_WARN_OBJC_LITERAL_CONVERSION = YES;
				CLANG_WARN_OBJC_ROOT_CLASS = YES_ERROR;
				CLANG_WARN_QUOTED_INCLUDE_IN_FRAMEWORK_HEADER = YES;
				CLANG_WARN_RANGE_LOOP_ANALYSIS = YES;
				CLANG_WARN_STRICT_PROTOTYPES = YES;
				CLANG_WARN_SUSPICIOUS_MOVE = YES;
				CLANG_WARN_UNGUARDED_AVAILABILITY = YES_AGGRESSIVE;
				CLANG_WARN_UNREACHABLE_CODE = YES;
				CLANG_WARN__DUPLICATE_METHOD_MATCH = YES;
				COPY_PHASE_STRIP = NO;
				DEBUG_INFORMATION_FORMAT = "dwarf-with-dsym";
				ENABLE_NS_ASSERTIONS = NO;
				ENABLE_STRICT_OBJC_MSGSEND = YES;
				GCC_C_LANGUAGE_STANDARD = gnu11;
				GCC_NO_COMMON_BLOCKS = YES;
				GCC_WARN_64_TO_32_BIT_CONVERSION = YES;
				GCC_WARN_ABOUT_RETURN_TYPE = YES_ERROR;
				GCC_WARN_UNDECLARED_SELECTOR = YES;
				GCC_WARN_UNINITIALIZED_AUTOS = YES_AGGRESSIVE;
				GCC_WARN_UNUSED_FUNCTION = YES;
				GCC_WARN_UNUSED_VARIABLE = YES;
				IPHONEOS_DEPLOYMENT_TARGET = 16.2;
				MTL_ENABLE_DEBUG_INFO = NO;
				MTL_FAST_MATH = YES;
				SDKROOT = iphoneos;
				SWIFT_COMPILATION_MODE = wholemodule;
				SWIFT_OPTIMIZATION_LEVEL = "-O";
				VALIDATE_PRODUCT = YES;
			};
			name = Release;
		};
		2EB1519329AAC12F00C0AF50 /* Debug */ = {
			isa = XCBuildConfiguration;
			buildSettings = {
				ASSETCATALOG_COMPILER_APPICON_NAME = AppIcon;
				ASSETCATALOG_COMPILER_GLOBAL_ACCENT_COLOR_NAME = AccentColor;
				CODE_SIGN_STYLE = Automatic;
				CURRENT_PROJECT_VERSION = 1;
				DEVELOPMENT_TEAM = 67K2Z58W97;
				GENERATE_INFOPLIST_FILE = YES;
				INFOPLIST_FILE = "ios-integration-demo/Info.plist";
				INFOPLIST_KEY_LSApplicationCategoryType = "public.app-category.developer-tools";
				INFOPLIST_KEY_UIApplicationSupportsIndirectInputEvents = YES;
				INFOPLIST_KEY_UILaunchStoryboardName = LaunchScreen;
				INFOPLIST_KEY_UIMainStoryboardFile = Main;
				INFOPLIST_KEY_UISupportedInterfaceOrientations = UIInterfaceOrientationPortrait;
				INFOPLIST_KEY_UISupportedInterfaceOrientations_iPad = "UIInterfaceOrientationLandscapeLeft UIInterfaceOrientationLandscapeRight UIInterfaceOrientationPortrait UIInterfaceOrientationPortraitUpsideDown";
				IPHONEOS_DEPLOYMENT_TARGET = 15.2;
				LD_RUNPATH_SEARCH_PATHS = (
					"$(inherited)",
					"@executable_path/Frameworks",
				);
				MARKETING_VERSION = 1.0;
				PRODUCT_BUNDLE_IDENTIFIER = "com.authillo.ios-integration-demo-dz";
				PRODUCT_NAME = "$(TARGET_NAME)";
				SUPPORTED_PLATFORMS = "iphoneos iphonesimulator";
				SUPPORTS_MACCATALYST = NO;
				SUPPORTS_MAC_DESIGNED_FOR_IPHONE_IPAD = YES;
				SWIFT_EMIT_LOC_STRINGS = YES;
				SWIFT_VERSION = 5.0;
				TARGETED_DEVICE_FAMILY = 1;
			};
			name = Debug;
		};
		2EB1519429AAC12F00C0AF50 /* Release */ = {
			isa = XCBuildConfiguration;
			buildSettings = {
				ASSETCATALOG_COMPILER_APPICON_NAME = AppIcon;
				ASSETCATALOG_COMPILER_GLOBAL_ACCENT_COLOR_NAME = AccentColor;
				CODE_SIGN_STYLE = Automatic;
				CURRENT_PROJECT_VERSION = 1;
				DEVELOPMENT_TEAM = 67K2Z58W97;
				GENERATE_INFOPLIST_FILE = YES;
				INFOPLIST_FILE = "ios-integration-demo/Info.plist";
				INFOPLIST_KEY_LSApplicationCategoryType = "public.app-category.developer-tools";
				INFOPLIST_KEY_UIApplicationSupportsIndirectInputEvents = YES;
				INFOPLIST_KEY_UILaunchStoryboardName = LaunchScreen;
				INFOPLIST_KEY_UIMainStoryboardFile = Main;
				INFOPLIST_KEY_UISupportedInterfaceOrientations = UIInterfaceOrientationPortrait;
				INFOPLIST_KEY_UISupportedInterfaceOrientations_iPad = "UIInterfaceOrientationLandscapeLeft UIInterfaceOrientationLandscapeRight UIInterfaceOrientationPortrait UIInterfaceOrientationPortraitUpsideDown";
				IPHONEOS_DEPLOYMENT_TARGET = 15.2;
				LD_RUNPATH_SEARCH_PATHS = (
					"$(inherited)",
					"@executable_path/Frameworks",
				);
				MARKETING_VERSION = 1.0;
				PRODUCT_BUNDLE_IDENTIFIER = "com.authillo.ios-integration-demo-dz";
				PRODUCT_NAME = "$(TARGET_NAME)";
				SUPPORTED_PLATFORMS = "iphoneos iphonesimulator";
				SUPPORTS_MACCATALYST = NO;
				SUPPORTS_MAC_DESIGNED_FOR_IPHONE_IPAD = YES;
				SWIFT_EMIT_LOC_STRINGS = YES;
				SWIFT_VERSION = 5.0;
				TARGETED_DEVICE_FAMILY = 1;
			};
			name = Release;
		};
/* End XCBuildConfiguration section */

/* Begin XCConfigurationList section */
		2EB1517929AAC12E00C0AF50 /* Build configuration list for PBXProject "ios-integration-demo" */ = {
			isa = XCConfigurationList;
			buildConfigurations = (
				2EB1519029AAC12F00C0AF50 /* Debug */,
				2EB1519129AAC12F00C0AF50 /* Release */,
			);
			defaultConfigurationIsVisible = 0;
			defaultConfigurationName = Release;
		};
		2EB1519229AAC12F00C0AF50 /* Build configuration list for PBXNativeTarget "ios-integration-demo" */ = {
			isa = XCConfigurationList;
			buildConfigurations = (
				2EB1519329AAC12F00C0AF50 /* Debug */,
				2EB1519429AAC12F00C0AF50 /* Release */,
			);
			defaultConfigurationIsVisible = 0;
			defaultConfigurationName = Release;
		};
/* End XCConfigurationList section */
	};
	rootObject = 2EB1517629AAC12E00C0AF50 /* Project object */;
}
